
Microsoft Visual Studio Solution File, Format Version 12.00
# Visual Studio Version 17
VisualStudioVersion = 17.14.37411.7 d17.14
MinimumVisualStudioVersion = 10.0.40219.1
Project("{FAE04EC0-301F-11D3-BF4B-00C04F79EFBC}") = "CommerceApp", "CommerceApp.csproj", "{0CCBDC51-CE83-46DB-83FE-A48D93ECEA0E}"
EndProject
Global
	GlobalSection(SolutionConfigurationPlatforms) = preSolution
		Debug|Any CPU = Debug|Any CPU
		Release|Any CPU = Release|Any CPU
	EndGlobalSection
	GlobalSection(ProjectConfigurationPlatforms) = postSolution
		{0CCBDC51-CE83-46DB-83FE-A48D93ECEA0E}.Debug|Any CPU.ActiveCfg = Debug|Any CPU
		{0CCBDC51-CE83-46DB-83FE-A48D93ECEA0E}.Debug|Any CPU.Build.0 = Debug|Any CPU
		{0CCBDC51-CE83-46DB-83FE-A48D93ECEA0E}.Release|Any CPU.ActiveCfg = Release|Any CPU
		{0CCBDC51-CE83-46DB-83FE-A48D93ECEA0E}.Release|Any CPU.Build.0 = Release|Any CPU
	EndGlobalSection
	GlobalSection(SolutionProperties) = preSolution
		HideSolutionNode = FALSE
	EndGlobalSection
	GlobalSection(ExtensibilityGlobals) = postSolution
		SolutionGuid = {0E51F343-41E6-4FC5-B832-DFA6B09CBA02}
	EndGlobalSection
EndGlobal
